
Microsoft Visual Studio Solution File, Format Version 12.00
# Visual Studio Version 17
VisualStudioVersion = 17.14.35906.104 d17.14
MinimumVisualStudioVersion = 10.0.40219.1
Project("{FAE04EC0-301F-11D3-BF4B-00C04F79EFBC}") = "ConsoleApp3", "ConsoleApp3\ConsoleApp3.csproj", "{CF3CE78D-47D6-463C-812D-85820E645631}"
EndProject
Global
	GlobalSection(SolutionConfigurationPlatforms) = preSolution
		Debug|Any CPU = Debug|Any CPU
		Release|Any CPU = Release|Any CPU
	EndGlobalSection
	GlobalSection(ProjectConfigurationPlatforms) = postSolution
		{CF3CE78D-47D6-463C-812D-85820E645631}.Debug|Any CPU.ActiveCfg = Debug|Any CPU
		{CF3CE78D-47D6-463C-812D-85820E645631}.Debug|Any CPU.Build.0 = Debug|Any CPU
		{CF3CE78D-47D6-463C-812D-85820E645631}.Release|Any CPU.ActiveCfg = Release|Any CPU
		{CF3CE78D-47D6-463C-812D-85820E645631}.Release|Any CPU.Build.0 = Release|Any CPU
	EndGlobalSection
	GlobalSection(SolutionProperties) = preSolution
		HideSolutionNode = FALSE
	EndGlobalSection
	GlobalSection(ExtensibilityGlobals) = postSolution
		SolutionGuid = {D6766A7E-94CA-4251-AB12-2DE51AB73BAB}
	EndGlobalSection
EndGlobal
